
Microsoft Visual Studio Solution File, Format Version 12.00
# Visual Studio Version 16
VisualStudioVersion = 16.0.31205.134
MinimumVisualStudioVersion = 10.0.40219.1
Project("{9A19103F-16F7-4668-BE54-9A1E7A4F7556}") = "test1", "test1\test1.csproj", "{042FAB99-C0C9-414B-B513-5727F06688F8}"
EndProject
Project("{9A19103F-16F7-4668-BE54-9A1E7A4F7556}") = "UnitTest21", "UnitTest21\UnitTest21.csproj", "{9614865D-A5FC-482F-8F89-2057C830DB2B}"
EndProject
Global
	GlobalSection(SolutionConfigurationPlatforms) = preSolution
		Debug|Any CPU = Debug|Any CPU
		Release|Any CPU = Release|Any CPU
	EndGlobalSection
	GlobalSection(ProjectConfigurationPlatforms) = postSolution
		{042FAB99-C0C9-414B-B513-5727F06688F8}.Debug|Any CPU.ActiveCfg = Debug|Any CPU
		{042FAB99-C0C9-414B-B513-5727F06688F8}.Debug|Any CPU.Build.0 = Debug|Any CPU
		{042FAB99-C0C9-414B-B513-5727F06688F8}.Release|Any CPU.ActiveCfg = Release|Any CPU
		{042FAB99-C0C9-414B-B513-5727F06688F8}.Release|Any CPU.Build.0 = Release|Any CPU
		{9614865D-A5FC-482F-8F89-2057C830DB2B}.Debug|Any CPU.ActiveCfg = Debug|Any CPU
		{9614865D-A5FC-482F-8F89-2057C830DB2B}.Debug|Any CPU.Build.0 = Debug|Any CPU
		{9614865D-A5FC-482F-8F89-2057C830DB2B}.Release|Any CPU.ActiveCfg = Release|Any CPU
		{9614865D-A5FC-482F-8F89-2057C830DB2B}.Release|Any CPU.Build.0 = Release|Any CPU
	EndGlobalSection
	GlobalSection(SolutionProperties) = preSolution
		HideSolutionNode = FALSE
	EndGlobalSection
	GlobalSection(ExtensibilityGlobals) = postSolution
		SolutionGuid = {81F1C98F-DB36-4AAB-9D79-12A1361A1543}
	EndGlobalSection
EndGlobal
